
Microsoft Visual Studio Solution File, Format Version 12.00
# Visual Studio Version 17
VisualStudioVersion = 17.0.31903.59
MinimumVisualStudioVersion = 10.0.40219.1
Project("{FAE04EC0-301F-11D3-BF4B-00C04F79EFBC}") = "CoinFlipGame.Api", "CoinFlipGame.Api\CoinFlipGame.Api.csproj", "{1A4A7AA7-6C95-4203-95C7-09E36309CDD8}"
EndProject
Project("{FAE04EC0-301F-11D3-BF4B-00C04F79EFBC}") = "CoinFlipGame.App", "CoinFlipGame.App\CoinFlipGame.App.csproj", "{C61D52F0-2B41-44E2-B714-E434E221733F}"
EndProject
Project("{FAE04EC0-301F-11D3-BF4B-00C04F79EFBC}") = "CoinFlipGame.Lib", "CoinFlipGame.Lib\CoinFlipGame.Lib.csproj", "{9D981FA0-C285-4880-A6CB-004CCD0F3CAD}"
EndProject
Project("{FAE04EC0-301F-11D3-BF4B-00C04F79EFBC}") = "CoinFlipGame.Shared", "CoinFlipGame.Shared\CoinFlipGame.Shared.csproj", "{7AC72D89-89ED-4E5B-A960-8F226EDCFAAD}"
EndProject
Global
	GlobalSection(SolutionConfigurationPlatforms) = preSolution
		Debug|Any CPU = Debug|Any CPU
		Debug|x64 = Debug|x64
		Debug|x86 = Debug|x86
		Release|Any CPU = Release|Any CPU
		Release|x64 = Release|x64
		Release|x86 = Release|x86
	EndGlobalSection
	GlobalSection(ProjectConfigurationPlatforms) = postSolution
		{1A4A7AA7-6C95-4203-95C7-09E36309CDD8}.Debug|Any CPU.ActiveCfg = Debug|Any CPU
		{1A4A7AA7-6C95-4203-95C7-09E36309CDD8}.Debug|Any CPU.Build.0 = Debug|Any CPU
		{1A4A7AA7-6C95-4203-95C7-09E36309CDD8}.Debug|x64.ActiveCfg = Debug|Any CPU
		{1A4A7AA7-6C95-4203-95C7-09E36309CDD8}.Debug|x64.Build.0 = Debug|Any CPU
		{1A4A7AA7-6C95-4203-95C7-09E36309CDD8}.Debug|x86.ActiveCfg = Debug|Any CPU
		{1A4A7AA7-6C95-4203-95C7-09E36309CDD8}.Debug|x86.Build.0 = Debug|Any CPU
		{1A4A7AA7-6C95-4203-95C7-09E36309CDD8}.Release|Any CPU.ActiveCfg = Release|Any CPU
		{1A4A7AA7-6C95-4203-95C7-09E36309CDD8}.Release|Any CPU.Build.0 = Release|Any CPU
		{1A4A7AA7-6C95-4203-95C7-09E36309CDD8}.Release|x64.ActiveCfg = Release|Any CPU
		{1A4A7AA7-6C95-4203-95C7-09E36309CDD8}.Release|x64.Build.0 = Release|Any CPU
		{1A4A7AA7-6C95-4203-95C7-09E36309CDD8}.Release|x86.ActiveCfg = Release|Any CPU
		{1A4A7AA7-6C95-4203-95C7-09E36309CDD8}.Release|x86.Build.0 = Release|Any CPU
		{C61D52F0-2B41-44E2-B714-E434E221733F}.Debug|Any CPU.ActiveCfg = Debug|Any CPU
		{C61D52F0-2B41-44E2-B714-E434E221733F}.Debug|Any CPU.Build.0 = Debug|Any CPU
		{C61D52F0-2B41-44E2-B714-E434E221733F}.Debug|x64.ActiveCfg = Debug|Any CPU
		{C61D52F0-2B41-44E2-B714-E434E221733F}.Debug|x64.Build.0 = Debug|Any CPU
		{C61D52F0-2B41-44E2-B714-E434E221733F}.Debug|x86.ActiveCfg = Debug|Any CPU
		{C61D52F0-2B41-44E2-B714-E434E221733F}.Debug|x86.Build.0 = Debug|Any CPU
		{C61D52F0-2B41-44E2-B714-E434E221733F}.Release|Any CPU.ActiveCfg = Release|Any CPU
		{C61D52F0-2B41-44E2-B714-E434E221733F}.Release|Any CPU.Build.0 = Release|Any CPU
		{C61D52F0-2B41-44E2-B714-E434E221733F}.Release|x64.ActiveCfg = Release|Any CPU
		{C61D52F0-2B41-44E2-B714-E434E221733F}.Release|x64.Build.0 = Release|Any CPU
		{C61D52F0-2B41-44E2-B714-E434E221733F}.Release|x86.ActiveCfg = Release|Any CPU
		{C61D52F0-2B41-44E2-B714-E434E221733F}.Release|x86.Build.0 = Release|Any CPU
		{9D981FA0-C285-4880-A6CB-004CCD0F3CAD}.Debug|Any CPU.ActiveCfg = Debug|Any CPU
		{9D981FA0-C285-4880-A6CB-004CCD0F3CAD}.Debug|Any CPU.Build.0 = Debug|Any CPU
		{9D981FA0-C285-4880-A6CB-004CCD0F3CAD}.Debug|x64.ActiveCfg = Debug|Any CPU
		{9D981FA0-C285-4880-A6CB-004CCD0F3CAD}.Debug|x64.Build.0 = Debug|Any CPU
		{9D981FA0-C285-4880-A6CB-004CCD0F3CAD}.Debug|x86.ActiveCfg = Debug|Any CPU
		{9D981FA0-C285-4880-A6CB-004CCD0F3CAD}.Debug|x86.Build.0 = Debug|Any CPU
		{9D981FA0-C285-4880-A6CB-004CCD0F3CAD}.Release|Any CPU.ActiveCfg = Release|Any CPU
		{9D981FA0-C285-4880-A6CB-004CCD0F3CAD}.Release|Any CPU.Build.0 = Release|Any CPU
		{9D981FA0-C285-4880-A6CB-004CCD0F3CAD}.Release|x64.ActiveCfg = Release|Any CPU
		{9D981FA0-C285-4880-A6CB-004CCD0F3CAD}.Release|x64.Build.0 = Release|Any CPU
		{9D981FA0-C285-4880-A6CB-004CCD0F3CAD}.Release|x86.ActiveCfg = Release|Any CPU
		{9D981FA0-C285-4880-A6CB-004CCD0F3CAD}.Release|x86.Build.0 = Release|Any CPU
		{7AC72D89-89ED-4E5B-A960-8F226EDCFAAD}.Debug|Any CPU.ActiveCfg = Debug|Any CPU
		{7AC72D89-89ED-4E5B-A960-8F226EDCFAAD}.Debug|Any CPU.Build.0 = Debug|Any CPU
		{7AC72D89-89ED-4E5B-A960-8F226EDCFAAD}.Debug|x64.ActiveCfg = Debug|Any CPU
		{7AC72D89-89ED-4E5B-A960-8F226EDCFAAD}.Debug|x64.Build.0 = Debug|Any CPU
		{7AC72D89-89ED-4E5B-A960-8F226EDCFAAD}.Debug|x86.ActiveCfg = Debug|Any CPU
		{7AC72D89-89ED-4E5B-A960-8F226EDCFAAD}.Debug|x86.Build.0 = Debug|Any CPU
		{7AC72D89-89ED-4E5B-A960-8F226EDCFAAD}.Release|Any CPU.ActiveCfg = Release|Any CPU
		{7AC72D89-89ED-4E5B-A960-8F226EDCFAAD}.Release|Any CPU.Build.0 = Release|Any CPU
		{7AC72D89-89ED-4E5B-A960-8F226EDCFAAD}.Release|x64.ActiveCfg = Release|Any CPU
		{7AC72D89-89ED-4E5B-A960-8F226EDCFAAD}.Release|x64.Build.0 = Release|Any CPU
		{7AC72D89-89ED-4E5B-A960-8F226EDCFAAD}.Release|x86.ActiveCfg = Release|Any CPU
		{7AC72D89-89ED-4E5B-A960-8F226EDCFAAD}.Release|x86.Build.0 = Release|Any CPU
	EndGlobalSection
	GlobalSection(SolutionProperties) = preSolution
		HideSolutionNode = FALSE
	EndGlobalSection
EndGlobal
